
Microsoft Visual Studio Solution File, Format Version 12.00
# Visual Studio Version 17
VisualStudioVersion = 17.5.33516.290
MinimumVisualStudioVersion = 10.0.40219.1
Project("{FAE04EC0-301F-11D3-BF4B-00C04F79EFBC}") = "LateToTheParty", "LateToTheParty.csproj", "{A9039532-27CD-451F-A8D0-C222E28FB1D3}"
EndProject
Project("{9A19103F-16F7-4668-BE54-9A1E7A4F7556}") = "LootRankingDataReader", "..\LookRankingDataReader\LootRankingDataReader.csproj", "{602B605E-8D26-4EFB-97A5-60FDE7F1A0B8}"
EndProject
Project("{FAE04EC0-301F-11D3-BF4B-00C04F79EFBC}") = "SphereOverlapTest", "..\SphereOverlapTest\SphereOverlapTest.csproj", "{2BC469D4-6F8B-4FD0-9347-3D0204A8C0AD}"
EndProject
Global
	GlobalSection(SolutionConfigurationPlatforms) = preSolution
		Debug|Any CPU = Debug|Any CPU
		Release|Any CPU = Release|Any CPU
	EndGlobalSection
	GlobalSection(ProjectConfigurationPlatforms) = postSolution
		{A9039532-27CD-451F-A8D0-C222E28FB1D3}.Debug|Any CPU.ActiveCfg = Debug|Any CPU
		{A9039532-27CD-451F-A8D0-C222E28FB1D3}.Debug|Any CPU.Build.0 = Debug|Any CPU
		{A9039532-27CD-451F-A8D0-C222E28FB1D3}.Release|Any CPU.ActiveCfg = Release|Any CPU
		{A9039532-27CD-451F-A8D0-C222E28FB1D3}.Release|Any CPU.Build.0 = Release|Any CPU
		{602B605E-8D26-4EFB-97A5-60FDE7F1A0B8}.Debug|Any CPU.ActiveCfg = Debug|Any CPU
		{602B605E-8D26-4EFB-97A5-60FDE7F1A0B8}.Debug|Any CPU.Build.0 = Debug|Any CPU
		{602B605E-8D26-4EFB-97A5-60FDE7F1A0B8}.Release|Any CPU.ActiveCfg = Release|Any CPU
		{602B605E-8D26-4EFB-97A5-60FDE7F1A0B8}.Release|Any CPU.Build.0 = Release|Any CPU
		{2BC469D4-6F8B-4FD0-9347-3D0204A8C0AD}.Debug|Any CPU.ActiveCfg = Debug|Any CPU
		{2BC469D4-6F8B-4FD0-9347-3D0204A8C0AD}.Debug|Any CPU.Build.0 = Debug|Any CPU
		{2BC469D4-6F8B-4FD0-9347-3D0204A8C0AD}.Release|Any CPU.ActiveCfg = Release|Any CPU
		{2BC469D4-6F8B-4FD0-9347-3D0204A8C0AD}.Release|Any CPU.Build.0 = Release|Any CPU
	EndGlobalSection
	GlobalSection(SolutionProperties) = preSolution
		HideSolutionNode = FALSE
	EndGlobalSection
	GlobalSection(ExtensibilityGlobals) = postSolution
		SolutionGuid = {FC4E84DA-D91C-4A95-B1A1-EAF123C4321E}
	EndGlobalSection
EndGlobal
